{
  "name": "h1emuzonefileextractor",
  "version": "1.0.0",
  "lockfileVersion": 2,
  "requires": true,
  "packages": {
    "": {
      "name": "h1emuzonefileextractor",
      "version": "1.0.0",
      "hasInstallScript": true,
      "license": "MIT",
      "dependencies": {
        "@types/node": "^15.6.1",
        "eul2quat": "^1.0.0",
        "h1emu-zone2json": "^1.2.0",
        "h1z1-dataschema": "^1.5.11",
        "typescript": "^4.3.2"
      }
    },
    "node_modules/@types/json-schema": {
      "version": "7.0.11",
      "resolved": "https://registry.npmjs.org/@types/json-schema/-/json-schema-7.0.11.tgz",
      "integrity": "sha512-wOuvG1SN4Us4rez+tylwwwCV1psiNVOkJeM3AUWUNWg/jDQY2+HE/444y5gc+jBmRqASOm2Oeh5c1axHobwRKQ=="
    },
    "node_modules/@types/node": {
      "version": "15.14.9",
      "resolved": "https://registry.npmjs.org/@types/node/-/node-15.14.9.tgz",
      "integrity": "sha512-qjd88DrCxupx/kJD5yQgZdcYKZKSIGBVDIBE1/LTGcNm3d2Np/jxojkdePDdfnBHJc5W7vSMpbJ1aB7p/Py69A=="
    },
    "node_modules/eul2quat": {
      "version": "1.0.0",
      "resolved": "https://registry.npmjs.org/eul2quat/-/eul2quat-1.0.0.tgz",
      "integrity": "sha512-5Q+6fUNbKMaVcwOhTKqElW42krvepRV3eo33koMSZNAKSAyBWotKVjRnRa/5tNQkr2LR52goOMaCqhI6D0a9hw=="
    },
    "node_modules/h1emu-zone2json": {
      "version": "1.2.0",
      "resolved": "https://registry.npmjs.org/h1emu-zone2json/-/h1emu-zone2json-1.2.0.tgz",
      "integrity": "sha512-QuyeJKAEFXJtsdqCMTFSFcPc3DrtyLE3sU6HSLO5pvfBPiV1cNWNXBALm9yknisQDh2qTM6u5xlXEd5HXxpRsg==",
      "hasInstallScript": true,
      "dependencies": {
        "@types/node": "^15.6.1",
        "h1z1-dataschema": "^1.5.11",
        "typescript": "^4.3.2"
      }
    },
    "node_modules/h1z1-buffer": {
      "version": "1.0.1",
      "resolved": "https://registry.npmjs.org/h1z1-buffer/-/h1z1-buffer-1.0.1.tgz",
      "integrity": "sha512-u9EYJ1zzhc8UUKkpyLbO1qVeNrW+ixUZjcILPFqd3pVTwwceOvEhpgNYnnmp5RfHr0YyTmfbrN1z7LZyf63TLg=="
    },
    "node_modules/h1z1-dataschema": {
      "version": "1.5.11",
      "resolved": "https://registry.npmjs.org/h1z1-dataschema/-/h1z1-dataschema-1.5.11.tgz",
      "integrity": "sha512-SIdwxrl7jTqmc43ykoT+DH0dOkYvUqewZL9Cwm09Rmhs0vMEiLPy8V2ppfibuhdgrpfhJkgJQU2jMgUVwhJZiw==",
      "hasInstallScript": true,
      "dependencies": {
        "@types/json-schema": "^7.0.11",
        "@types/node": "17.0.25",
        "h1z1-buffer": "1.0.1",
        "typescript": "4.6.3"
      }
    },
    "node_modules/h1z1-dataschema/node_modules/@types/node": {
      "version": "17.0.25",
      "resolved": "https://registry.npmjs.org/@types/node/-/node-17.0.25.tgz",
      "integrity": "sha512-wANk6fBrUwdpY4isjWrKTufkrXdu1D2YHCot2fD/DfWxF5sMrVSA+KN7ydckvaTCh0HiqX9IVl0L5/ZoXg5M7w=="
    },
    "node_modules/h1z1-dataschema/node_modules/typescript": {
      "version": "4.6.3",
      "resolved": "https://registry.npmjs.org/typescript/-/typescript-4.6.3.tgz",
      "integrity": "sha512-yNIatDa5iaofVozS/uQJEl3JRWLKKGJKh6Yaiv0GLGSuhpFJe7P3SbHZ8/yjAHRQwKRoA6YZqlfjXWmVzoVSMw==",
      "bin": {
        "tsc": "bin/tsc",
        "tsserver": "bin/tsserver"
      },
      "engines": {
        "node": ">=4.2.0"
      }
    },
    "node_modules/typescript": {
      "version": "4.7.4",
      "resolved": "https://registry.npmjs.org/typescript/-/typescript-4.7.4.tgz",
      "integrity": "sha512-C0WQT0gezHuw6AdY1M2jxUO83Rjf0HP7Sk1DtXj6j1EwkQNZrHAg2XPWlq62oqEhYvONq5pkC2Y9oPljWToLmQ==",
      "bin": {
        "tsc": "bin/tsc",
        "tsserver": "bin/tsserver"
      },
      "engines": {
        "node": ">=4.2.0"
      }
    }
  },
  "dependencies": {
    "@types/json-schema": {
      "version": "7.0.11",
      "resolved": "https://registry.npmjs.org/@types/json-schema/-/json-schema-7.0.11.tgz",
      "integrity": "sha512-wOuvG1SN4Us4rez+tylwwwCV1psiNVOkJeM3AUWUNWg/jDQY2+HE/444y5gc+jBmRqASOm2Oeh5c1axHobwRKQ=="
    },
    "@types/node": {
      "version": "15.14.9",
      "resolved": "https://registry.npmjs.org/@types/node/-/node-15.14.9.tgz",
      "integrity": "sha512-qjd88DrCxupx/kJD5yQgZdcYKZKSIGBVDIBE1/LTGcNm3d2Np/jxojkdePDdfnBHJc5W7vSMpbJ1aB7p/Py69A=="
    },
    "eul2quat": {
      "version": "1.0.0",
      "resolved": "https://registry.npmjs.org/eul2quat/-/eul2quat-1.0.0.tgz",
      "integrity": "sha512-5Q+6fUNbKMaVcwOhTKqElW42krvepRV3eo33koMSZNAKSAyBWotKVjRnRa/5tNQkr2LR52goOMaCqhI6D0a9hw=="
    },
    "h1emu-zone2json": {
      "version": "1.2.0",
      "resolved": "https://registry.npmjs.org/h1emu-zone2json/-/h1emu-zone2json-1.2.0.tgz",
      "integrity": "sha512-QuyeJKAEFXJtsdqCMTFSFcPc3DrtyLE3sU6HSLO5pvfBPiV1cNWNXBALm9yknisQDh2qTM6u5xlXEd5HXxpRsg==",
      "requires": {
        "@types/node": "^15.6.1",
        "h1z1-dataschema": "^1.5.11",
        "typescript": "^4.3.2"
      }
    },
    "h1z1-buffer": {
      "version": "1.0.1",
      "resolved": "https://registry.npmjs.org/h1z1-buffer/-/h1z1-buffer-1.0.1.tgz",
      "integrity": "sha512-u9EYJ1zzhc8UUKkpyLbO1qVeNrW+ixUZjcILPFqd3pVTwwceOvEhpgNYnnmp5RfHr0YyTmfbrN1z7LZyf63TLg=="
    },
    "h1z1-dataschema": {
      "version": "1.5.11",
      "resolved": "https://registry.npmjs.org/h1z1-dataschema/-/h1z1-dataschema-1.5.11.tgz",
      "integrity": "sha512-SIdwxrl7jTqmc43ykoT+DH0dOkYvUqewZL9Cwm09Rmhs0vMEiLPy8V2ppfibuhdgrpfhJkgJQU2jMgUVwhJZiw==",
      "requires": {
        "@types/json-schema": "^7.0.11",
        "@types/node": "17.0.25",
        "h1z1-buffer": "1.0.1",
        "typescript": "4.6.3"
      },
      "dependencies": {
        "@types/node": {
          "version": "17.0.25",
          "resolved": "https://registry.npmjs.org/@types/node/-/node-17.0.25.tgz",
          "integrity": "sha512-wANk6fBrUwdpY4isjWrKTufkrXdu1D2YHCot2fD/DfWxF5sMrVSA+KN7ydckvaTCh0HiqX9IVl0L5/ZoXg5M7w=="
        },
        "typescript": {
          "version": "4.6.3",
          "resolved": "https://registry.npmjs.org/typescript/-/typescript-4.6.3.tgz",
          "integrity": "sha512-yNIatDa5iaofVozS/uQJEl3JRWLKKGJKh6Yaiv0GLGSuhpFJe7P3SbHZ8/yjAHRQwKRoA6YZqlfjXWmVzoVSMw=="
        }
      }
    },
    "typescript": {
      "version": "4.7.4",
      "resolved": "https://registry.npmjs.org/typescript/-/typescript-4.7.4.tgz",
      "integrity": "sha512-C0WQT0gezHuw6AdY1M2jxUO83Rjf0HP7Sk1DtXj6j1EwkQNZrHAg2XPWlq62oqEhYvONq5pkC2Y9oPljWToLmQ=="
    }
  }
}
